
Microsoft Visual Studio Solution File, Format Version 12.00
# Visual Studio Version 17
VisualStudioVersion = 17.7.34202.233
MinimumVisualStudioVersion = 10.0.40219.1
Project("{FAE04EC0-301F-11D3-BF4B-00C04F79EFBC}") = "lists exam", "lists exam\lists exam.csproj", "{F80E3FAA-F21A-48AD-B55C-D6037567B7A7}"
EndProject
Project("{FAE04EC0-301F-11D3-BF4B-00C04F79EFBC}") = "lists1exam", "lists1exam\lists1exam.csproj", "{82205D68-7011-455B-A047-03009960091C}"
EndProject
Global
	GlobalSection(SolutionConfigurationPlatforms) = preSolution
		Debug|Any CPU = Debug|Any CPU
		Release|Any CPU = Release|Any CPU
	EndGlobalSection
	GlobalSection(ProjectConfigurationPlatforms) = postSolution
		{F80E3FAA-F21A-48AD-B55C-D6037567B7A7}.Debug|Any CPU.ActiveCfg = Debug|Any CPU
		{F80E3FAA-F21A-48AD-B55C-D6037567B7A7}.Debug|Any CPU.Build.0 = Debug|Any CPU
		{F80E3FAA-F21A-48AD-B55C-D6037567B7A7}.Release|Any CPU.ActiveCfg = Release|Any CPU
		{F80E3FAA-F21A-48AD-B55C-D6037567B7A7}.Release|Any CPU.Build.0 = Release|Any CPU
		{82205D68-7011-455B-A047-03009960091C}.Debug|Any CPU.ActiveCfg = Debug|Any CPU
		{82205D68-7011-455B-A047-03009960091C}.Debug|Any CPU.Build.0 = Debug|Any CPU
		{82205D68-7011-455B-A047-03009960091C}.Release|Any CPU.ActiveCfg = Release|Any CPU
		{82205D68-7011-455B-A047-03009960091C}.Release|Any CPU.Build.0 = Release|Any CPU
	EndGlobalSection
	GlobalSection(SolutionProperties) = preSolution
		HideSolutionNode = FALSE
	EndGlobalSection
	GlobalSection(ExtensibilityGlobals) = postSolution
		SolutionGuid = {42375548-487B-4F48-90C5-0F57E23671D8}
	EndGlobalSection
EndGlobal
