
Microsoft Visual Studio Solution File, Format Version 12.00
# Visual Studio Version 17
VisualStudioVersion = 17.7.34202.233
MinimumVisualStudioVersion = 10.0.40219.1
Project("{FAE04EC0-301F-11D3-BF4B-00C04F79EFBC}") = "lambda functions", "lambda functions\lambda functions.csproj", "{D360C1A7-F57E-43B7-8390-966A51778FB6}"
EndProject
Global
	GlobalSection(SolutionConfigurationPlatforms) = preSolution
		Debug|Any CPU = Debug|Any CPU
		Release|Any CPU = Release|Any CPU
	EndGlobalSection
	GlobalSection(ProjectConfigurationPlatforms) = postSolution
		{D360C1A7-F57E-43B7-8390-966A51778FB6}.Debug|Any CPU.ActiveCfg = Debug|Any CPU
		{D360C1A7-F57E-43B7-8390-966A51778FB6}.Debug|Any CPU.Build.0 = Debug|Any CPU
		{D360C1A7-F57E-43B7-8390-966A51778FB6}.Release|Any CPU.ActiveCfg = Release|Any CPU
		{D360C1A7-F57E-43B7-8390-966A51778FB6}.Release|Any CPU.Build.0 = Release|Any CPU
	EndGlobalSection
	GlobalSection(SolutionProperties) = preSolution
		HideSolutionNode = FALSE
	EndGlobalSection
	GlobalSection(ExtensibilityGlobals) = postSolution
		SolutionGuid = {105E128E-D512-41C4-BC7A-5C23B46BE9AB}
	EndGlobalSection
EndGlobal
